
Microsoft Visual Studio Solution File, Format Version 12.00
# Visual Studio 16
Project("{FAE04EC0-301F-11D3-BF4B-00C04F79EFBC}") = "Assembly-CSharp", "Assembly-CSharp.csproj", "{8BD8A425-6CF6-6F6F-17BD-E4CE3C151F08}"
EndProject
Project("{FAE04EC0-301F-11D3-BF4B-00C04F79EFBC}") = "Assembly-CSharp-Editor", "Assembly-CSharp-Editor.csproj", "{6BFAFB8A-3918-7196-83B1-50FA44E9064E}"
EndProject
Global
	GlobalSection(SolutionConfigurationPlatforms) = preSolution
		Debug|Any CPU = Debug|Any CPU
		Release|Any CPU = Release|Any CPU
	EndGlobalSection
	GlobalSection(ProjectConfigurationPlatforms) = postSolution
		{8BD8A425-6CF6-6F6F-17BD-E4CE3C151F08}.Debug|Any CPU.ActiveCfg = Debug|Any CPU
		{8BD8A425-6CF6-6F6F-17BD-E4CE3C151F08}.Debug|Any CPU.Build.0 = Debug|Any CPU
		{8BD8A425-6CF6-6F6F-17BD-E4CE3C151F08}.Release|Any CPU.ActiveCfg = Release|Any CPU
		{8BD8A425-6CF6-6F6F-17BD-E4CE3C151F08}.Release|Any CPU.Build.0 = Release|Any CPU
		{6BFAFB8A-3918-7196-83B1-50FA44E9064E}.Debug|Any CPU.ActiveCfg = Debug|Any CPU
		{6BFAFB8A-3918-7196-83B1-50FA44E9064E}.Debug|Any CPU.Build.0 = Debug|Any CPU
		{6BFAFB8A-3918-7196-83B1-50FA44E9064E}.Release|Any CPU.ActiveCfg = Release|Any CPU
		{6BFAFB8A-3918-7196-83B1-50FA44E9064E}.Release|Any CPU.Build.0 = Release|Any CPU
	EndGlobalSection
	GlobalSection(SolutionProperties) = preSolution
		HideSolutionNode = FALSE
	EndGlobalSection
EndGlobal
